
Microsoft Visual Studio Solution File, Format Version 12.00
# Visual Studio Version 17
VisualStudioVersion = 17.13.35806.99 d17.13
MinimumVisualStudioVersion = 10.0.40219.1
Project("{FAE04EC0-301F-11D3-BF4B-00C04F79EFBC}") = "Astronomical Processing", "Astronomical Processing\Astronomical Processing.csproj", "{A41EDE73-3813-444A-8B15-51D8F3A7D8E5}"
EndProject
Global
	GlobalSection(SolutionConfigurationPlatforms) = preSolution
		Debug|Any CPU = Debug|Any CPU
		Release|Any CPU = Release|Any CPU
	EndGlobalSection
	GlobalSection(ProjectConfigurationPlatforms) = postSolution
		{A41EDE73-3813-444A-8B15-51D8F3A7D8E5}.Debug|Any CPU.ActiveCfg = Debug|Any CPU
		{A41EDE73-3813-444A-8B15-51D8F3A7D8E5}.Debug|Any CPU.Build.0 = Debug|Any CPU
		{A41EDE73-3813-444A-8B15-51D8F3A7D8E5}.Release|Any CPU.ActiveCfg = Release|Any CPU
		{A41EDE73-3813-444A-8B15-51D8F3A7D8E5}.Release|Any CPU.Build.0 = Release|Any CPU
	EndGlobalSection
	GlobalSection(SolutionProperties) = preSolution
		HideSolutionNode = FALSE
	EndGlobalSection
	GlobalSection(ExtensibilityGlobals) = postSolution
		SolutionGuid = {F8610793-C3D3-4A06-BF65-C767D7A64792}
	EndGlobalSection
EndGlobal
